
Microsoft Visual Studio Solution File, Format Version 12.00
# Visual Studio Version 17
VisualStudioVersion = 17.5.33530.505
MinimumVisualStudioVersion = 10.0.40219.1
Project("{FAE04EC0-301F-11D3-BF4B-00C04F79EFBC}") = "RepasoPrimerParcial", "RepasoPrimerParcial\RepasoPrimerParcial.csproj", "{7DD00F1B-63E3-42AE-BF23-C7D2C4CEF123}"
EndProject
Project("{FAE04EC0-301F-11D3-BF4B-00C04F79EFBC}") = "TestRepaso1erParcial", "TestRepaso1erParcial\TestRepaso1erParcial.csproj", "{70260E6C-CD23-435E-9B66-81909DA7203C}"
EndProject
Global
	GlobalSection(SolutionConfigurationPlatforms) = preSolution
		Debug|Any CPU = Debug|Any CPU
		Release|Any CPU = Release|Any CPU
	EndGlobalSection
	GlobalSection(ProjectConfigurationPlatforms) = postSolution
		{7DD00F1B-63E3-42AE-BF23-C7D2C4CEF123}.Debug|Any CPU.ActiveCfg = Debug|Any CPU
		{7DD00F1B-63E3-42AE-BF23-C7D2C4CEF123}.Debug|Any CPU.Build.0 = Debug|Any CPU
		{7DD00F1B-63E3-42AE-BF23-C7D2C4CEF123}.Release|Any CPU.ActiveCfg = Release|Any CPU
		{7DD00F1B-63E3-42AE-BF23-C7D2C4CEF123}.Release|Any CPU.Build.0 = Release|Any CPU
		{70260E6C-CD23-435E-9B66-81909DA7203C}.Debug|Any CPU.ActiveCfg = Debug|Any CPU
		{70260E6C-CD23-435E-9B66-81909DA7203C}.Debug|Any CPU.Build.0 = Debug|Any CPU
		{70260E6C-CD23-435E-9B66-81909DA7203C}.Release|Any CPU.ActiveCfg = Release|Any CPU
		{70260E6C-CD23-435E-9B66-81909DA7203C}.Release|Any CPU.Build.0 = Release|Any CPU
	EndGlobalSection
	GlobalSection(SolutionProperties) = preSolution
		HideSolutionNode = FALSE
	EndGlobalSection
	GlobalSection(ExtensibilityGlobals) = postSolution
		SolutionGuid = {E1748BCC-C038-445B-AB78-42A7F681E251}
	EndGlobalSection
EndGlobal
